// !$*UTF8*$!
{
	archiveVersion = 1;
	classes = {
	};
	objectVersion = 55;
	objects = {

/* Begin PBXBuildFile section */
		1D0AACD627386E3D0065C4B8 /* NetworkDataHandler.swift in Sources */ = {isa = PBXBuildFile; fileRef = 1D0AACD527386E3D0065C4B8 /* NetworkDataHandler.swift */; };
		1D0AACD727386E3D0065C4B8 /* NetworkDataHandler.swift in Sources */ = {isa = PBXBuildFile; fileRef = 1D0AACD527386E3D0065C4B8 /* NetworkDataHandler.swift */; };
		1D0AACDA27386E470065C4B8 /* NetworkDataHandlerTests.swift in Sources */ = {isa = PBXBuildFile; fileRef = 1D0AACD827386E470065C4B8 /* NetworkDataHandlerTests.swift */; };
		1D0AACDC27386EC90065C4B8 /* NetworkJSONHandler.swift in Sources */ = {isa = PBXBuildFile; fileRef = 1D0AACDB27386EC90065C4B8 /* NetworkJSONHandler.swift */; };
		1D0AACDD27386EC90065C4B8 /* NetworkJSONHandler.swift in Sources */ = {isa = PBXBuildFile; fileRef = 1D0AACDB27386EC90065C4B8 /* NetworkJSONHandler.swift */; };
		1D0AACDF27386ED70065C4B8 /* NetworkJSONHandlerTests.swift in Sources */ = {isa = PBXBuildFile; fileRef = 1D0AACDE27386ED70065C4B8 /* NetworkJSONHandlerTests.swift */; };
		1D0AACE427386F2B0065C4B8 /* NetworkImageSource.m in Sources */ = {isa = PBXBuildFile; fileRef = 1D0AACE327386F2B0065C4B8 /* NetworkImageSource.m */; };
		1D0AACE527386F2B0065C4B8 /* NetworkImageSource.m in Sources */ = {isa = PBXBuildFile; fileRef = 1D0AACE327386F2B0065C4B8 /* NetworkImageSource.m */; };
		1D0AACE727386F380065C4B8 /* NetworkImageSourceTests.m in Sources */ = {isa = PBXBuildFile; fileRef = 1D0AACE627386F380065C4B8 /* NetworkImageSourceTests.m */; };
		1D0AACE927386FCA0065C4B8 /* NetworkImageSerialization.swift in Sources */ = {isa = PBXBuildFile; fileRef = 1D0AACE827386FCA0065C4B8 /* NetworkImageSerialization.swift */; };
		1D0AACEA27386FCA0065C4B8 /* NetworkImageSerialization.swift in Sources */ = {isa = PBXBuildFile; fileRef = 1D0AACE827386FCA0065C4B8 /* NetworkImageSerialization.swift */; };
		1D0AACEC27386FDA0065C4B8 /* NetworkImageSerializationTests.swift in Sources */ = {isa = PBXBuildFile; fileRef = 1D0AACEB27386FDA0065C4B8 /* NetworkImageSerializationTests.swift */; };
		1D0AACEE273870480065C4B8 /* NetworkImageHandler.swift in Sources */ = {isa = PBXBuildFile; fileRef = 1D0AACED273870480065C4B8 /* NetworkImageHandler.swift */; };
		1D0AACEF273870480065C4B8 /* NetworkImageHandler.swift in Sources */ = {isa = PBXBuildFile; fileRef = 1D0AACED273870480065C4B8 /* NetworkImageHandler.swift */; };
		1D0AACF1273870570065C4B8 /* NetworkImageHandlerTests.swift in Sources */ = {isa = PBXBuildFile; fileRef = 1D0AACF0273870570065C4B8 /* NetworkImageHandlerTests.swift */; };
		1D0AACF327387EA10065C4B8 /* NetworkSession.swift in Sources */ = {isa = PBXBuildFile; fileRef = 1D0AACF227387EA10065C4B8 /* NetworkSession.swift */; };
		1D0AACF427387EA10065C4B8 /* NetworkSession.swift in Sources */ = {isa = PBXBuildFile; fileRef = 1D0AACF227387EA10065C4B8 /* NetworkSession.swift */; };
		1D0AACF627387EAD0065C4B8 /* NetworkSessionTests.swift in Sources */ = {isa = PBXBuildFile; fileRef = 1D0AACF527387EAD0065C4B8 /* NetworkSessionTests.swift */; };
		1D0AACF827387EFA0065C4B8 /* NetworkJSONOperation.swift in Sources */ = {isa = PBXBuildFile; fileRef = 1D0AACF727387EFA0065C4B8 /* NetworkJSONOperation.swift */; };
		1D0AACF927387EFA0065C4B8 /* NetworkJSONOperation.swift in Sources */ = {isa = PBXBuildFile; fileRef = 1D0AACF727387EFA0065C4B8 /* NetworkJSONOperation.swift */; };
		1D0AACFB27387F060065C4B8 /* NetworkJSONOperationTests.swift in Sources */ = {isa = PBXBuildFile; fileRef = 1D0AACFA27387F060065C4B8 /* NetworkJSONOperationTests.swift */; };
		1D0AACFD273880870065C4B8 /* NetworkImageOperation.swift in Sources */ = {isa = PBXBuildFile; fileRef = 1D0AACFC273880870065C4B8 /* NetworkImageOperation.swift */; };
		1D0AACFE273880870065C4B8 /* NetworkImageOperation.swift in Sources */ = {isa = PBXBuildFile; fileRef = 1D0AACFC273880870065C4B8 /* NetworkImageOperation.swift */; };
		1D0AAD00273880940065C4B8 /* NetworkImageOperationTests.swift in Sources */ = {isa = PBXBuildFile; fileRef = 1D0AACFF273880940065C4B8 /* NetworkImageOperationTests.swift */; };
		1D0AAD02273881620065C4B8 /* AlbumsListModel.swift in Sources */ = {isa = PBXBuildFile; fileRef = 1D0AAD01273881620065C4B8 /* AlbumsListModel.swift */; };
		1D0AAD03273881620065C4B8 /* AlbumsListModel.swift in Sources */ = {isa = PBXBuildFile; fileRef = 1D0AAD01273881620065C4B8 /* AlbumsListModel.swift */; };
		1D0AAD052738816F0065C4B8 /* AlbumsListModelTests.swift in Sources */ = {isa = PBXBuildFile; fileRef = 1D0AAD042738816E0065C4B8 /* AlbumsListModelTests.swift */; };
		1D0AAD072738818E0065C4B8 /* Albums.json in Resources */ = {isa = PBXBuildFile; fileRef = 1D0AAD062738818D0065C4B8 /* Albums.json */; };
		1D0AAD09273881D00065C4B8 /* AlbumsListRowModel.swift in Sources */ = {isa = PBXBuildFile; fileRef = 1D0AAD08273881D00065C4B8 /* AlbumsListRowModel.swift */; };
		1D0AAD0A273881D00065C4B8 /* AlbumsListRowModel.swift in Sources */ = {isa = PBXBuildFile; fileRef = 1D0AAD08273881D00065C4B8 /* AlbumsListRowModel.swift */; };
		1D0AAD0C273881DC0065C4B8 /* AlbumsListRowModelTests.swift in Sources */ = {isa = PBXBuildFile; fileRef = 1D0AAD0B273881DC0065C4B8 /* AlbumsListRowModelTests.swift */; };
		AE657E3B27068BE40032C442 /* AlbumsApp.swift in Sources */ = {isa = PBXBuildFile; fileRef = AE657E3A27068BE40032C442 /* AlbumsApp.swift */; };
		AE657E4C27068BE70032C442 /* AlbumsTests.swift in Sources */ = {isa = PBXBuildFile; fileRef = AE657E4B27068BE70032C442 /* AlbumsTests.swift */; };
/* End PBXBuildFile section */

/* Begin PBXContainerItemProxy section */
		AE657E4827068BE70032C442 /* PBXContainerItemProxy */ = {
			isa = PBXContainerItemProxy;
			containerPortal = AE657E2F27068BE40032C442 /* Project object */;
			proxyType = 1;
			remoteGlobalIDString = AE657E3627068BE40032C442;
			remoteInfo = Albums;
		};
/* End PBXContainerItemProxy section */

/* Begin PBXFileReference section */
		1D0AACD327386DA20065C4B8 /* README.md */ = {isa = PBXFileReference; lastKnownFileType = net.daringfireball.markdown; path = README.md; sourceTree = "<group>"; };
		1D0AACD427386DA20065C4B8 /* LICENSE.md */ = {isa = PBXFileReference; lastKnownFileType = net.daringfireball.markdown; path = LICENSE.md; sourceTree = "<group>"; };
		1D0AACD527386E3D0065C4B8 /* NetworkDataHandler.swift */ = {isa = PBXFileReference; fileEncoding = 4; lastKnownFileType = sourcecode.swift; path = NetworkDataHandler.swift; sourceTree = "<group>"; };
		1D0AACD827386E470065C4B8 /* NetworkDataHandlerTests.swift */ = {isa = PBXFileReference; fileEncoding = 4; lastKnownFileType = sourcecode.swift; path = NetworkDataHandlerTests.swift; sourceTree = "<group>"; };
		1D0AACDB27386EC90065C4B8 /* NetworkJSONHandler.swift */ = {isa = PBXFileReference; fileEncoding = 4; lastKnownFileType = sourcecode.swift; path = NetworkJSONHandler.swift; sourceTree = "<group>"; };
		1D0AACDE27386ED70065C4B8 /* NetworkJSONHandlerTests.swift */ = {isa = PBXFileReference; fileEncoding = 4; lastKnownFileType = sourcecode.swift; path = NetworkJSONHandlerTests.swift; sourceTree = "<group>"; };
		1D0AACE027386F2B0065C4B8 /* Albums-Bridging-Header.h */ = {isa = PBXFileReference; lastKnownFileType = sourcecode.c.h; path = "Albums-Bridging-Header.h"; sourceTree = "<group>"; };
		1D0AACE227386F2B0065C4B8 /* NetworkImageSource.h */ = {isa = PBXFileReference; fileEncoding = 4; lastKnownFileType = sourcecode.c.h; path = NetworkImageSource.h; sourceTree = "<group>"; };
		1D0AACE327386F2B0065C4B8 /* NetworkImageSource.m */ = {isa = PBXFileReference; fileEncoding = 4; lastKnownFileType = sourcecode.c.objc; path = NetworkImageSource.m; sourceTree = "<group>"; };
		1D0AACE627386F380065C4B8 /* NetworkImageSourceTests.m */ = {isa = PBXFileReference; fileEncoding = 4; lastKnownFileType = sourcecode.c.objc; path = NetworkImageSourceTests.m; sourceTree = "<group>"; };
		1D0AACE827386FCA0065C4B8 /* NetworkImageSerialization.swift */ = {isa = PBXFileReference; fileEncoding = 4; lastKnownFileType = sourcecode.swift; path = NetworkImageSerialization.swift; sourceTree = "<group>"; };
		1D0AACEB27386FDA0065C4B8 /* NetworkImageSerializationTests.swift */ = {isa = PBXFileReference; fileEncoding = 4; lastKnownFileType = sourcecode.swift; path = NetworkImageSerializationTests.swift; sourceTree = "<group>"; };
		1D0AACED273870480065C4B8 /* NetworkImageHandler.swift */ = {isa = PBXFileReference; fileEncoding = 4; lastKnownFileType = sourcecode.swift; path = NetworkImageHandler.swift; sourceTree = "<group>"; };
		1D0AACF0273870570065C4B8 /* NetworkImageHandlerTests.swift */ = {isa = PBXFileReference; fileEncoding = 4; lastKnownFileType = sourcecode.swift; path = NetworkImageHandlerTests.swift; sourceTree = "<group>"; };
		1D0AACF227387EA10065C4B8 /* NetworkSession.swift */ = {isa = PBXFileReference; fileEncoding = 4; lastKnownFileType = sourcecode.swift; path = NetworkSession.swift; sourceTree = "<group>"; };
		1D0AACF527387EAD0065C4B8 /* NetworkSessionTests.swift */ = {isa = PBXFileReference; fileEncoding = 4; lastKnownFileType = sourcecode.swift; path = NetworkSessionTests.swift; sourceTree = "<group>"; };
		1D0AACF727387EFA0065C4B8 /* NetworkJSONOperation.swift */ = {isa = PBXFileReference; fileEncoding = 4; lastKnownFileType = sourcecode.swift; path = NetworkJSONOperation.swift; sourceTree = "<group>"; };
		1D0AACFA27387F060065C4B8 /* NetworkJSONOperationTests.swift */ = {isa = PBXFileReference; fileEncoding = 4; lastKnownFileType = sourcecode.swift; path = NetworkJSONOperationTests.swift; sourceTree = "<group>"; };
		1D0AACFC273880870065C4B8 /* NetworkImageOperation.swift */ = {isa = PBXFileReference; fileEncoding = 4; lastKnownFileType = sourcecode.swift; path = NetworkImageOperation.swift; sourceTree = "<group>"; };
		1D0AACFF273880940065C4B8 /* NetworkImageOperationTests.swift */ = {isa = PBXFileReference; fileEncoding = 4; lastKnownFileType = sourcecode.swift; path = NetworkImageOperationTests.swift; sourceTree = "<group>"; };
		1D0AAD01273881620065C4B8 /* AlbumsListModel.swift */ = {isa = PBXFileReference; fileEncoding = 4; lastKnownFileType = sourcecode.swift; path = AlbumsListModel.swift; sourceTree = "<group>"; };
		1D0AAD042738816E0065C4B8 /* AlbumsListModelTests.swift */ = {isa = PBXFileReference; fileEncoding = 4; lastKnownFileType = sourcecode.swift; path = AlbumsListModelTests.swift; sourceTree = "<group>"; };
		1D0AAD062738818D0065C4B8 /* Albums.json */ = {isa = PBXFileReference; fileEncoding = 4; lastKnownFileType = text.json; path = Albums.json; sourceTree = "<group>"; };
		1D0AAD08273881D00065C4B8 /* AlbumsListRowModel.swift */ = {isa = PBXFileReference; fileEncoding = 4; lastKnownFileType = sourcecode.swift; path = AlbumsListRowModel.swift; sourceTree = "<group>"; };
		1D0AAD0B273881DC0065C4B8 /* AlbumsListRowModelTests.swift */ = {isa = PBXFileReference; fileEncoding = 4; lastKnownFileType = sourcecode.swift; path = AlbumsListRowModelTests.swift; sourceTree = "<group>"; };
		AE657E3727068BE40032C442 /* Albums.app */ = {isa = PBXFileReference; explicitFileType = wrapper.application; includeInIndex = 0; path = Albums.app; sourceTree = BUILT_PRODUCTS_DIR; };
		AE657E3A27068BE40032C442 /* AlbumsApp.swift */ = {isa = PBXFileReference; lastKnownFileType = sourcecode.swift; path = AlbumsApp.swift; sourceTree = "<group>"; };
		AE657E4727068BE70032C442 /* AlbumsTests.xctest */ = {isa = PBXFileReference; explicitFileType = wrapper.cfbundle; includeInIndex = 0; path = AlbumsTests.xctest; sourceTree = BUILT_PRODUCTS_DIR; };
		AE657E4B27068BE70032C442 /* AlbumsTests.swift */ = {isa = PBXFileReference; lastKnownFileType = sourcecode.swift; path = AlbumsTests.swift; sourceTree = "<group>"; };
/* End PBXFileReference section */

/* Begin PBXFrameworksBuildPhase section */
		AE657E3427068BE40032C442 /* Frameworks */ = {
			isa = PBXFrameworksBuildPhase;
			buildActionMask = 2147483647;
			files = (
			);
			runOnlyForDeploymentPostprocessing = 0;
		};
		AE657E4427068BE70032C442 /* Frameworks */ = {
			isa = PBXFrameworksBuildPhase;
			buildActionMask = 2147483647;
			files = (
			);
			runOnlyForDeploymentPostprocessing = 0;
		};
/* End PBXFrameworksBuildPhase section */

/* Begin PBXGroup section */
		AE657E2E27068BE40032C442 = {
			isa = PBXGroup;
			children = (
				AE657E3927068BE40032C442 /* Albums */,
				AE657E4A27068BE70032C442 /* AlbumsTests */,
				1D0AACD427386DA20065C4B8 /* LICENSE.md */,
				AE657E3827068BE40032C442 /* Products */,
				1D0AACD327386DA20065C4B8 /* README.md */,
			);
			sourceTree = "<group>";
		};
		AE657E3827068BE40032C442 /* Products */ = {
			isa = PBXGroup;
			children = (
				AE657E3727068BE40032C442 /* Albums.app */,
				AE657E4727068BE70032C442 /* AlbumsTests.xctest */,
			);
			name = Products;
			sourceTree = "<group>";
		};
		AE657E3927068BE40032C442 /* Albums */ = {
			isa = PBXGroup;
			children = (
				1D0AACE027386F2B0065C4B8 /* Albums-Bridging-Header.h */,
				AE657E3A27068BE40032C442 /* AlbumsApp.swift */,
				1D0AAD01273881620065C4B8 /* AlbumsListModel.swift */,
				1D0AAD08273881D00065C4B8 /* AlbumsListRowModel.swift */,
				1D0AACD527386E3D0065C4B8 /* NetworkDataHandler.swift */,
				1D0AACED273870480065C4B8 /* NetworkImageHandler.swift */,
				1D0AACFC273880870065C4B8 /* NetworkImageOperation.swift */,
				1D0AACE827386FCA0065C4B8 /* NetworkImageSerialization.swift */,
				1D0AACE227386F2B0065C4B8 /* NetworkImageSource.h */,
				1D0AACE327386F2B0065C4B8 /* NetworkImageSource.m */,
				1D0AACDB27386EC90065C4B8 /* NetworkJSONHandler.swift */,
				1D0AACF727387EFA0065C4B8 /* NetworkJSONOperation.swift */,
				1D0AACF227387EA10065C4B8 /* NetworkSession.swift */,
			);
			path = Albums;
			sourceTree = "<group>";
		};
		AE657E4A27068BE70032C442 /* AlbumsTests */ = {
			isa = PBXGroup;
			children = (
				1D0AAD062738818D0065C4B8 /* Albums.json */,
				1D0AAD042738816E0065C4B8 /* AlbumsListModelTests.swift */,
				1D0AAD0B273881DC0065C4B8 /* AlbumsListRowModelTests.swift */,
				AE657E4B27068BE70032C442 /* AlbumsTests.swift */,
				1D0AACD827386E470065C4B8 /* NetworkDataHandlerTests.swift */,
				1D0AACF0273870570065C4B8 /* NetworkImageHandlerTests.swift */,
				1D0AACFF273880940065C4B8 /* NetworkImageOperationTests.swift */,
				1D0AACEB27386FDA0065C4B8 /* NetworkImageSerializationTests.swift */,
				1D0AACE627386F380065C4B8 /* NetworkImageSourceTests.m */,
				1D0AACDE27386ED70065C4B8 /* NetworkJSONHandlerTests.swift */,
				1D0AACFA27387F060065C4B8 /* NetworkJSONOperationTests.swift */,
				1D0AACF527387EAD0065C4B8 /* NetworkSessionTests.swift */,
			);
			path = AlbumsTests;
			sourceTree = "<group>";
		};
/* End PBXGroup section */

/* Begin PBXNativeTarget section */
		AE657E3627068BE40032C442 /* Albums */ = {
			isa = PBXNativeTarget;
			buildConfigurationList = AE657E5B27068BE70032C442 /* Build configuration list for PBXNativeTarget "Albums" */;
			buildPhases = (
				AE657E3327068BE40032C442 /* Sources */,
				AE657E3427068BE40032C442 /* Frameworks */,
				AE657E3527068BE40032C442 /* Resources */,
			);
			buildRules = (
			);
			dependencies = (
			);
			name = Albums;
			productName = Albums;
			productReference = AE657E3727068BE40032C442 /* Albums.app */;
			productType = "com.apple.product-type.application";
		};
		AE657E4627068BE70032C442 /* AlbumsTests */ = {
			isa = PBXNativeTarget;
			buildConfigurationList = AE657E5E27068BE70032C442 /* Build configuration list for PBXNativeTarget "AlbumsTests" */;
			buildPhases = (
				AE657E4327068BE70032C442 /* Sources */,
				AE657E4427068BE70032C442 /* Frameworks */,
				AE657E4527068BE70032C442 /* Resources */,
			);
			buildRules = (
			);
			dependencies = (
				AE657E4927068BE70032C442 /* PBXTargetDependency */,
			);
			name = AlbumsTests;
			productName = AlbumsTests;
			productReference = AE657E4727068BE70032C442 /* AlbumsTests.xctest */;
			productType = "com.apple.product-type.bundle.unit-test";
		};
/* End PBXNativeTarget section */

/* Begin PBXProject section */
		AE657E2F27068BE40032C442 /* Project object */ = {
			isa = PBXProject;
			attributes = {
				BuildIndependentTargetsInParallel = 1;
				LastSwiftUpdateCheck = 1300;
				LastUpgradeCheck = 1300;
				TargetAttributes = {
					AE657E3627068BE40032C442 = {
						CreatedOnToolsVersion = 13.0;
						LastSwiftMigration = 1310;
					};
					AE657E4627068BE70032C442 = {
						CreatedOnToolsVersion = 13.0;
						LastSwiftMigration = 1310;
						TestTargetID = AE657E3627068BE40032C442;
					};
				};
			};
			buildConfigurationList = AE657E3227068BE40032C442 /* Build configuration list for PBXProject "Albums" */;
			compatibilityVersion = "Xcode 13.0";
			developmentRegion = en;
			hasScannedForEncodings = 0;
			knownRegions = (
				en,
				Base,
			);
			mainGroup = AE657E2E27068BE40032C442;
			productRefGroup = AE657E3827068BE40032C442 /* Products */;
			projectDirPath = "";
			projectRoot = "";
			targets = (
				AE657E3627068BE40032C442 /* Albums */,
				AE657E4627068BE70032C442 /* AlbumsTests */,
			);
		};
/* End PBXProject section */

/* Begin PBXResourcesBuildPhase section */
		AE657E3527068BE40032C442 /* Resources */ = {
			isa = PBXResourcesBuildPhase;
			buildActionMask = 2147483647;
			files = (
			);
			runOnlyForDeploymentPostprocessing = 0;
		};
		AE657E4527068BE70032C442 /* Resources */ = {
			isa = PBXResourcesBuildPhase;
			buildActionMask = 2147483647;
			files = (
				1D0AAD072738818E0065C4B8 /* Albums.json in Resources */,
			);
			runOnlyForDeploymentPostprocessing = 0;
		};
/* End PBXResourcesBuildPhase section */

/* Begin PBXSourcesBuildPhase section */
		AE657E3327068BE40032C442 /* Sources */ = {
			isa = PBXSourcesBuildPhase;
			buildActionMask = 2147483647;
			files = (
				1D0AAD09273881D00065C4B8 /* AlbumsListRowModel.swift in Sources */,
				1D0AACF327387EA10065C4B8 /* NetworkSession.swift in Sources */,
				AE657E3B27068BE40032C442 /* AlbumsApp.swift in Sources */,
				1D0AACFD273880870065C4B8 /* NetworkImageOperation.swift in Sources */,
				1D0AAD02273881620065C4B8 /* AlbumsListModel.swift in Sources */,
				1D0AACF827387EFA0065C4B8 /* NetworkJSONOperation.swift in Sources */,
				1D0AACEE273870480065C4B8 /* NetworkImageHandler.swift in Sources */,
				1D0AACE427386F2B0065C4B8 /* NetworkImageSource.m in Sources */,
				1D0AACD627386E3D0065C4B8 /* NetworkDataHandler.swift in Sources */,
				1D0AACE927386FCA0065C4B8 /* NetworkImageSerialization.swift in Sources */,
				1D0AACDC27386EC90065C4B8 /* NetworkJSONHandler.swift in Sources */,
			);
			runOnlyForDeploymentPostprocessing = 0;
		};
		AE657E4327068BE70032C442 /* Sources */ = {
			isa = PBXSourcesBuildPhase;
			buildActionMask = 2147483647;
			files = (
				1D0AAD0A273881D00065C4B8 /* AlbumsListRowModel.swift in Sources */,
				1D0AACDA27386E470065C4B8 /* NetworkDataHandlerTests.swift in Sources */,
				1D0AACDD27386EC90065C4B8 /* NetworkJSONHandler.swift in Sources */,
				1D0AACF1273870570065C4B8 /* NetworkImageHandlerTests.swift in Sources */,
				1D0AAD03273881620065C4B8 /* AlbumsListModel.swift in Sources */,
				AE657E4C27068BE70032C442 /* AlbumsTests.swift in Sources */,
				1D0AACFE273880870065C4B8 /* NetworkImageOperation.swift in Sources */,
				1D0AAD052738816F0065C4B8 /* AlbumsListModelTests.swift in Sources */,
				1D0AAD00273880940065C4B8 /* NetworkImageOperationTests.swift in Sources */,
				1D0AACEF273870480065C4B8 /* NetworkImageHandler.swift in Sources */,
				1D0AACE527386F2B0065C4B8 /* NetworkImageSource.m in Sources */,
				1D0AACEC27386FDA0065C4B8 /* NetworkImageSerializationTests.swift in Sources */,
				1D0AACDF27386ED70065C4B8 /* NetworkJSONHandlerTests.swift in Sources */,
				1D0AACEA27386FCA0065C4B8 /* NetworkImageSerialization.swift in Sources */,
				1D0AAD0C273881DC0065C4B8 /* AlbumsListRowModelTests.swift in Sources */,
				1D0AACF627387EAD0065C4B8 /* NetworkSessionTests.swift in Sources */,
				1D0AACF927387EFA0065C4B8 /* NetworkJSONOperation.swift in Sources */,
				1D0AACF427387EA10065C4B8 /* NetworkSession.swift in Sources */,
				1D0AACD727386E3D0065C4B8 /* NetworkDataHandler.swift in Sources */,
				1D0AACE727386F380065C4B8 /* NetworkImageSourceTests.m in Sources */,
				1D0AACFB27387F060065C4B8 /* NetworkJSONOperationTests.swift in Sources */,
			);
			runOnlyForDeploymentPostprocessing = 0;
		};
/* End PBXSourcesBuildPhase section */

/* Begin PBXTargetDependency section */
		AE657E4927068BE70032C442 /* PBXTargetDependency */ = {
			isa = PBXTargetDependency;
			target = AE657E3627068BE40032C442 /* Albums */;
			targetProxy = AE657E4827068BE70032C442 /* PBXContainerItemProxy */;
		};
/* End PBXTargetDependency section */

/* Begin XCBuildConfiguration section */
		AE657E5927068BE70032C442 /* Debug */ = {
			isa = XCBuildConfiguration;
			buildSettings = {
				ALWAYS_SEARCH_USER_PATHS = NO;
				CLANG_ANALYZER_NONNULL = YES;
				CLANG_ANALYZER_NUMBER_OBJECT_CONVERSION = YES_AGGRESSIVE;
				CLANG_CXX_LANGUAGE_STANDARD = "gnu++17";
				CLANG_CXX_LIBRARY = "libc++";
				CLANG_ENABLE_MODULES = YES;
				CLANG_ENABLE_OBJC_ARC = YES;
				CLANG_ENABLE_OBJC_WEAK = YES;
				CLANG_WARN_BLOCK_CAPTURE_AUTORELEASING = YES;
				CLANG_WARN_BOOL_CONVERSION = YES;
				CLANG_WARN_COMMA = YES;
				CLANG_WARN_CONSTANT_CONVERSION = YES;
				CLANG_WARN_DEPRECATED_OBJC_IMPLEMENTATIONS = YES;
				CLANG_WARN_DIRECT_OBJC_ISA_USAGE = YES_ERROR;
				CLANG_WARN_DOCUMENTATION_COMMENTS = YES;
				CLANG_WARN_EMPTY_BODY = YES;
				CLANG_WARN_ENUM_CONVERSION = YES;
				CLANG_WARN_INFINITE_RECURSION = YES;
				CLANG_WARN_INT_CONVERSION = YES;
				CLANG_WARN_NON_LITERAL_NULL_CONVERSION = YES;
				CLANG_WARN_OBJC_IMPLICIT_RETAIN_SELF = YES;
				CLANG_WARN_OBJC_LITERAL_CONVERSION = YES;
				CLANG_WARN_OBJC_ROOT_CLASS = YES_ERROR;
				CLANG_WARN_QUOTED_INCLUDE_IN_FRAMEWORK_HEADER = YES;
				CLANG_WARN_RANGE_LOOP_ANALYSIS = YES;
				CLANG_WARN_STRICT_PROTOTYPES = YES;
				CLANG_WARN_SUSPICIOUS_MOVE = YES;
				CLANG_WARN_UNGUARDED_AVAILABILITY = YES_AGGRESSIVE;
				CLANG_WARN_UNREACHABLE_CODE = YES;
				CLANG_WARN__DUPLICATE_METHOD_MATCH = YES;
				COPY_PHASE_STRIP = NO;
				DEBUG_INFORMATION_FORMAT = dwarf;
				ENABLE_STRICT_OBJC_MSGSEND = YES;
				ENABLE_TESTABILITY = YES;
				GCC_C_LANGUAGE_STANDARD = gnu11;
				GCC_DYNAMIC_NO_PIC = NO;
				GCC_NO_COMMON_BLOCKS = YES;
				GCC_OPTIMIZATION_LEVEL = 0;
				GCC_PREPROCESSOR_DEFINITIONS = (
					"DEBUG=1",
					"$(inherited)",
				);
				GCC_WARN_64_TO_32_BIT_CONVERSION = YES;
				GCC_WARN_ABOUT_RETURN_TYPE = YES_ERROR;
				GCC_WARN_UNDECLARED_SELECTOR = YES;
				GCC_WARN_UNINITIALIZED_AUTOS = YES_AGGRESSIVE;
				GCC_WARN_UNUSED_FUNCTION = YES;
				GCC_WARN_UNUSED_VARIABLE = YES;
				IPHONEOS_DEPLOYMENT_TARGET = 15.0;
				MTL_ENABLE_DEBUG_INFO = INCLUDE_SOURCE;
				MTL_FAST_MATH = YES;
				ONLY_ACTIVE_ARCH = YES;
				SDKROOT = iphoneos;
				SWIFT_ACTIVE_COMPILATION_CONDITIONS = DEBUG;
				SWIFT_OPTIMIZATION_LEVEL = "-Onone";
			};
			name = Debug;
		};
		AE657E5A27068BE70032C442 /* Release */ = {
			isa = XCBuildConfiguration;
			buildSettings = {
				ALWAYS_SEARCH_USER_PATHS = NO;
				CLANG_ANALYZER_NONNULL = YES;
				CLANG_ANALYZER_NUMBER_OBJECT_CONVERSION = YES_AGGRESSIVE;
				CLANG_CXX_LANGUAGE_STANDARD = "gnu++17";
				CLANG_CXX_LIBRARY = "libc++";
				CLANG_ENABLE_MODULES = YES;
				CLANG_ENABLE_OBJC_ARC = YES;
				CLANG_ENABLE_OBJC_WEAK = YES;
				CLANG_WARN_BLOCK_CAPTURE_AUTORELEASING = YES;
				CLANG_WARN_BOOL_CONVERSION = YES;
				CLANG_WARN_COMMA = YES;
				CLANG_WARN_CONSTANT_CONVERSION = YES;
				CLANG_WARN_DEPRECATED_OBJC_IMPLEMENTATIONS = YES;
				CLANG_WARN_DIRECT_OBJC_ISA_USAGE = YES_ERROR;
				CLANG_WARN_DOCUMENTATION_COMMENTS = YES;
				CLANG_WARN_EMPTY_BODY = YES;
				CLANG_WARN_ENUM_CONVERSION = YES;
				CLANG_WARN_INFINITE_RECURSION = YES;
				CLANG_WARN_INT_CONVERSION = YES;
				CLANG_WARN_NON_LITERAL_NULL_CONVERSION = YES;
				CLANG_WARN_OBJC_IMPLICIT_RETAIN_SELF = YES;
				CLANG_WARN_OBJC_LITERAL_CONVERSION = YES;
				CLANG_WARN_OBJC_ROOT_CLASS = YES_ERROR;
				CLANG_WARN_QUOTED_INCLUDE_IN_FRAMEWORK_HEADER = YES;
				CLANG_WARN_RANGE_LOOP_ANALYSIS = YES;
				CLANG_WARN_STRICT_PROTOTYPES = YES;
				CLANG_WARN_SUSPICIOUS_MOVE = YES;
				CLANG_WARN_UNGUARDED_AVAILABILITY = YES_AGGRESSIVE;
				CLANG_WARN_UNREACHABLE_CODE = YES;
				CLANG_WARN__DUPLICATE_METHOD_MATCH = YES;
				COPY_PHASE_STRIP = NO;
				DEBUG_INFORMATION_FORMAT = "dwarf-with-dsym";
				ENABLE_NS_ASSERTIONS = NO;
				ENABLE_STRICT_OBJC_MSGSEND = YES;
				GCC_C_LANGUAGE_STANDARD = gnu11;
				GCC_NO_COMMON_BLOCKS = YES;
				GCC_WARN_64_TO_32_BIT_CONVERSION = YES;
				GCC_WARN_ABOUT_RETURN_TYPE = YES_ERROR;
				GCC_WARN_UNDECLARED_SELECTOR = YES;
				GCC_WARN_UNINITIALIZED_AUTOS = YES_AGGRESSIVE;
				GCC_WARN_UNUSED_FUNCTION = YES;
				GCC_WARN_UNUSED_VARIABLE = YES;
				IPHONEOS_DEPLOYMENT_TARGET = 15.0;
				MTL_ENABLE_DEBUG_INFO = NO;
				MTL_FAST_MATH = YES;
				SDKROOT = iphoneos;
				SWIFT_COMPILATION_MODE = wholemodule;
				SWIFT_OPTIMIZATION_LEVEL = "-O";
				VALIDATE_PRODUCT = YES;
			};
			name = Release;
		};
		AE657E5C27068BE70032C442 /* Debug */ = {
			isa = XCBuildConfiguration;
			buildSettings = {
				ASSETCATALOG_COMPILER_APPICON_NAME = AppIcon;
				ASSETCATALOG_COMPILER_GLOBAL_ACCENT_COLOR_NAME = AccentColor;
				CLANG_ENABLE_MODULES = YES;
				CODE_SIGN_STYLE = Automatic;
				CURRENT_PROJECT_VERSION = 1;
				DEVELOPMENT_ASSET_PATHS = "";
				ENABLE_PREVIEWS = YES;
				GENERATE_INFOPLIST_FILE = YES;
				INFOPLIST_KEY_UIApplicationSceneManifest_Generation = YES;
				INFOPLIST_KEY_UIApplicationSupportsIndirectInputEvents = YES;
				INFOPLIST_KEY_UILaunchScreen_Generation = YES;
				INFOPLIST_KEY_UISupportedInterfaceOrientations_iPad = "UIInterfaceOrientationPortrait UIInterfaceOrientationPortraitUpsideDown UIInterfaceOrientationLandscapeLeft UIInterfaceOrientationLandscapeRight";
				INFOPLIST_KEY_UISupportedInterfaceOrientations_iPhone = "UIInterfaceOrientationPortrait UIInterfaceOrientationLandscapeLeft UIInterfaceOrientationLandscapeRight";
				IPHONEOS_DEPLOYMENT_TARGET = 15.0;
				LD_RUNPATH_SEARCH_PATHS = (
					"$(inherited)",
					"@executable_path/Frameworks",
				);
				MARKETING_VERSION = 1.0;
				PRODUCT_BUNDLE_IDENTIFIER = com.northbronson.Albums;
				PRODUCT_NAME = "$(TARGET_NAME)";
				SWIFT_EMIT_LOC_STRINGS = YES;
				SWIFT_OBJC_BRIDGING_HEADER = "Albums/Albums-Bridging-Header.h";
				SWIFT_OPTIMIZATION_LEVEL = "-Onone";
				SWIFT_VERSION = 5.0;
				TARGETED_DEVICE_FAMILY = "1,2";
			};
			name = Debug;
		};
		AE657E5D27068BE70032C442 /* Release */ = {
			isa = XCBuildConfiguration;
			buildSettings = {
				ASSETCATALOG_COMPILER_APPICON_NAME = AppIcon;
				ASSETCATALOG_COMPILER_GLOBAL_ACCENT_COLOR_NAME = AccentColor;
				CLANG_ENABLE_MODULES = YES;
				CODE_SIGN_STYLE = Automatic;
				CURRENT_PROJECT_VERSION = 1;
				DEVELOPMENT_ASSET_PATHS = "";
				ENABLE_PREVIEWS = YES;
				GENERATE_INFOPLIST_FILE = YES;
				INFOPLIST_KEY_UIApplicationSceneManifest_Generation = YES;
				INFOPLIST_KEY_UIApplicationSupportsIndirectInputEvents = YES;
				INFOPLIST_KEY_UILaunchScreen_Generation = YES;
				INFOPLIST_KEY_UISupportedInterfaceOrientations_iPad = "UIInterfaceOrientationPortrait UIInterfaceOrientationPortraitUpsideDown UIInterfaceOrientationLandscapeLeft UIInterfaceOrientationLandscapeRight";
				INFOPLIST_KEY_UISupportedInterfaceOrientations_iPhone = "UIInterfaceOrientationPortrait UIInterfaceOrientationLandscapeLeft UIInterfaceOrientationLandscapeRight";
				IPHONEOS_DEPLOYMENT_TARGET = 15.0;
				LD_RUNPATH_SEARCH_PATHS = (
					"$(inherited)",
					"@executable_path/Frameworks",
				);
				MARKETING_VERSION = 1.0;
				PRODUCT_BUNDLE_IDENTIFIER = com.northbronson.Albums;
				PRODUCT_NAME = "$(TARGET_NAME)";
				SWIFT_EMIT_LOC_STRINGS = YES;
				SWIFT_OBJC_BRIDGING_HEADER = "Albums/Albums-Bridging-Header.h";
				SWIFT_VERSION = 5.0;
				TARGETED_DEVICE_FAMILY = "1,2";
			};
			name = Release;
		};
		AE657E5F27068BE70032C442 /* Debug */ = {
			isa = XCBuildConfiguration;
			buildSettings = {
				ALWAYS_EMBED_SWIFT_STANDARD_LIBRARIES = YES;
				BUNDLE_LOADER = "$(TEST_HOST)";
				CLANG_ENABLE_MODULES = YES;
				CODE_SIGN_STYLE = Automatic;
				CURRENT_PROJECT_VERSION = 1;
				GENERATE_INFOPLIST_FILE = YES;
				IPHONEOS_DEPLOYMENT_TARGET = 15.0;
				LD_RUNPATH_SEARCH_PATHS = (
					"$(inherited)",
					"@executable_path/Frameworks",
					"@loader_path/Frameworks",
				);
				MARKETING_VERSION = 1.0;
				PRODUCT_BUNDLE_IDENTIFIER = com.northbronson.AlbumsTests;
				PRODUCT_NAME = "$(TARGET_NAME)";
				SWIFT_EMIT_LOC_STRINGS = NO;
				SWIFT_OBJC_BRIDGING_HEADER = "Albums/Albums-Bridging-Header.h";
				SWIFT_OPTIMIZATION_LEVEL = "-Onone";
				SWIFT_VERSION = 5.0;
				TARGETED_DEVICE_FAMILY = "1,2";
				TEST_HOST = "$(BUILT_PRODUCTS_DIR)/Albums.app/Albums";
			};
			name = Debug;
		};
		AE657E6027068BE70032C442 /* Release */ = {
			isa = XCBuildConfiguration;
			buildSettings = {
				ALWAYS_EMBED_SWIFT_STANDARD_LIBRARIES = YES;
				BUNDLE_LOADER = "$(TEST_HOST)";
				CLANG_ENABLE_MODULES = YES;
				CODE_SIGN_STYLE = Automatic;
				CURRENT_PROJECT_VERSION = 1;
				GENERATE_INFOPLIST_FILE = YES;
				IPHONEOS_DEPLOYMENT_TARGET = 15.0;
				LD_RUNPATH_SEARCH_PATHS = (
					"$(inherited)",
					"@executable_path/Frameworks",
					"@loader_path/Frameworks",
				);
				MARKETING_VERSION = 1.0;
				PRODUCT_BUNDLE_IDENTIFIER = com.northbronson.AlbumsTests;
				PRODUCT_NAME = "$(TARGET_NAME)";
				SWIFT_EMIT_LOC_STRINGS = NO;
				SWIFT_OBJC_BRIDGING_HEADER = "Albums/Albums-Bridging-Header.h";
				SWIFT_VERSION = 5.0;
				TARGETED_DEVICE_FAMILY = "1,2";
				TEST_HOST = "$(BUILT_PRODUCTS_DIR)/Albums.app/Albums";
			};
			name = Release;
		};
/* End XCBuildConfiguration section */

/* Begin XCConfigurationList section */
		AE657E3227068BE40032C442 /* Build configuration list for PBXProject "Albums" */ = {
			isa = XCConfigurationList;
			buildConfigurations = (
				AE657E5927068BE70032C442 /* Debug */,
				AE657E5A27068BE70032C442 /* Release */,
			);
			defaultConfigurationIsVisible = 0;
			defaultConfigurationName = Release;
		};
		AE657E5B27068BE70032C442 /* Build configuration list for PBXNativeTarget "Albums" */ = {
			isa = XCConfigurationList;
			buildConfigurations = (
				AE657E5C27068BE70032C442 /* Debug */,
				AE657E5D27068BE70032C442 /* Release */,
			);
			defaultConfigurationIsVisible = 0;
			defaultConfigurationName = Release;
		};
		AE657E5E27068BE70032C442 /* Build configuration list for PBXNativeTarget "AlbumsTests" */ = {
			isa = XCConfigurationList;
			buildConfigurations = (
				AE657E5F27068BE70032C442 /* Debug */,
				AE657E6027068BE70032C442 /* Release */,
			);
			defaultConfigurationIsVisible = 0;
			defaultConfigurationName = Release;
		};
/* End XCConfigurationList section */
	};
	rootObject = AE657E2F27068BE40032C442 /* Project object */;
}
